<?xml version="1.0" encoding="utf-8"?>
<Project ToolsVersion="4.0" xmlns="http://schemas.microsoft.com/developer/msbuild/2003">
  <ItemGroup>
    <ClCompile Include="..\src\StdAfx.cpp">
      <Filter>Source</Filter>
    </ClCompile>
    <ClCompile Include="..\src\CPluginManager.cpp">
      <Filter>Source</Filter>
    </ClCompile>
    <ClCompile Include="..\src\CPluginManagerModule.cpp">
      <Filter>Source</Filter>
    </ClCompile>
  </ItemGroup>
  <ItemGroup>
    <ClInclude Include="..\src\StdAfx.h">
      <Filter>Headers</Filter>
    </ClInclude>
    <ClInclude Include="..\inc\IPluginBase.h">
      <Filter>Headers</Filter>
    </ClInclude>
    <ClInclude Include="..\inc\IPluginManager.h">
      <Filter>Headers</Filter>
    </ClInclude>
    <ClInclude Include="..\inc\IPluginManager_impl.h">
      <Filter>Headers</Filter>
    </ClInclude>
    <ClInclude Include="..\src\CPluginManager.h">
      <Filter>Headers</Filter>
    </ClInclude>
    <ClInclude Include="..\inc\CPluginBase.hpp">
      <Filter>Headers</Filter>
    </ClInclude>
    <ClInclude Include="resource.h">
      <Filter>Resource</Filter>
    </ClInclude>
  </ItemGroup>
  <ItemGroup>
    <None Include="..\Changelog.txt" />
    <None Include="..\LICENSE.txt" />
    <None Include="..\authors.txt" />
    <None Include="..\readme.md" />
    <None Include="..\.gitignore">
      <Filter>Tools</Filter>
    </None>
    <None Include="..\tools\codestyle.astylerc">
      <Filter>Tools</Filter>
    </None>
    <None Include="..\tools\stylecode.bat">
      <Filter>Tools</Filter>
    </None>
  </ItemGroup>
  <ItemGroup>
    <Filter Include="Headers">
      <UniqueIdentifier>{afc460f9-6e34-4245-8601-9a93ab2c00b3}</UniqueIdentifier>
    </Filter>
    <Filter Include="Source">
      <UniqueIdentifier>{38311e4e-8493-41c0-ad4f-4ace3fb579a3}</UniqueIdentifier>
    </Filter>
    <Filter Include="Resource">
      <UniqueIdentifier>{be19b22b-8206-44d9-b069-117adbe986ee}</UniqueIdentifier>
    </Filter>
    <Filter Include="Flownodes">
      <UniqueIdentifier>{77602502-aefa-4f57-882a-e00675a9a78f}</UniqueIdentifier>
    </Filter>
    <Filter Include="Tools">
      <UniqueIdentifier>{4a46776a-27ef-489c-8e23-5cf4379ce9a9}</UniqueIdentifier>
    </Filter>
  </ItemGroup>
  <ItemGroup>
    <ResourceCompile Include="version.rc">
      <Filter>Resource</Filter>
    </ResourceCompile>
  </ItemGroup>
</Project>